
Microsoft Visual Studio Solution File, Format Version 12.00
# Visual Studio Version 17
VisualStudioVersion = 17.9.34701.34
MinimumVisualStudioVersion = 10.0.40219.1
Project("{2150E333-8FDC-42A3-9474-1A3956D46DE8}") = "Services", "Services", "{02AD7953-4511-4CEA-8B62-8CEEC5435F5B}"
EndProject
Project("{2150E333-8FDC-42A3-9474-1A3956D46DE8}") = "Catalog", "Catalog", "{9BC4210A-748C-4D61-8C86-F48039FE11A5}"
EndProject
Project("{9A19103F-16F7-4668-BE54-9A1E7A4F7556}") = "MultiShop.Catalog", "Services\Catalog\MultiShop.Catalog\MultiShop.Catalog.csproj", "{6823271C-6F67-4ABB-A3B5-5DF750599477}"
EndProject
Project("{2150E333-8FDC-42A3-9474-1A3956D46DE8}") = "Discount", "Discount", "{7C853CFF-CAAA-45C0-BC4C-8795893F018A}"
EndProject
Project("{9A19103F-16F7-4668-BE54-9A1E7A4F7556}") = "MultiShop.Discount", "Services\Discount\MultiShop.Discount\MultiShop.Discount.csproj", "{A8741750-7C36-4697-9D07-8EF0066BC812}"
EndProject
Project("{2150E333-8FDC-42A3-9474-1A3956D46DE8}") = "Order", "Order", "{B6CD630B-310C-47C5-967D-69107E77A3D2}"
EndProject
Project("{2150E333-8FDC-42A3-9474-1A3956D46DE8}") = "Core", "Core", "{E4E293FA-7053-453D-B8E1-DBCD4CA825E2}"
EndProject
Project("{2150E333-8FDC-42A3-9474-1A3956D46DE8}") = "Infrastructure", "Infrastructure", "{F5D9B23E-104C-4466-A95D-76EC4FCDFB19}"
EndProject
Project("{2150E333-8FDC-42A3-9474-1A3956D46DE8}") = "Presentation", "Presentation", "{353EB1A5-A0C3-4513-83C3-2537AA46DDC3}"
EndProject
Project("{9A19103F-16F7-4668-BE54-9A1E7A4F7556}") = "MultiShop.Order.Domain", "Services\Order\Core\MultiShop.Order.Domain\MultiShop.Order.Domain.csproj", "{3D390F6A-77D5-4EC3-BC98-DDD76C3E197F}"
EndProject
Project("{9A19103F-16F7-4668-BE54-9A1E7A4F7556}") = "MultiShop.Order.Persistence", "Services\Order\Infrastructure\MultiShop.Order.Persistence\MultiShop.Order.Persistence.csproj", "{DC446B93-7AC0-4C32-933F-7CFDF58A4A7C}"
EndProject
Project("{9A19103F-16F7-4668-BE54-9A1E7A4F7556}") = "MultiShop.Order.WebApi", "Services\Order\Presentation\MultiShop.Order.WebApi\MultiShop.Order.WebApi.csproj", "{A8244CB3-AC9E-4BB9-A4B7-ACD13E4C47EA}"
EndProject
Project("{FAE04EC0-301F-11D3-BF4B-00C04F79EFBC}") = "MultiShop.Order.Application", "Services\Order\Core\MultiShop.Order.Application\MultiShop.Order.Application.csproj", "{91F9A4B4-FE57-438E-9ABD-99E041AD788C}"
EndProject
Global
	GlobalSection(SolutionConfigurationPlatforms) = preSolution
		Debug|Any CPU = Debug|Any CPU
		Release|Any CPU = Release|Any CPU
	EndGlobalSection
	GlobalSection(ProjectConfigurationPlatforms) = postSolution
		{6823271C-6F67-4ABB-A3B5-5DF750599477}.Debug|Any CPU.ActiveCfg = Debug|Any CPU
		{6823271C-6F67-4ABB-A3B5-5DF750599477}.Debug|Any CPU.Build.0 = Debug|Any CPU
		{6823271C-6F67-4ABB-A3B5-5DF750599477}.Release|Any CPU.ActiveCfg = Release|Any CPU
		{6823271C-6F67-4ABB-A3B5-5DF750599477}.Release|Any CPU.Build.0 = Release|Any CPU
		{A8741750-7C36-4697-9D07-8EF0066BC812}.Debug|Any CPU.ActiveCfg = Debug|Any CPU
		{A8741750-7C36-4697-9D07-8EF0066BC812}.Debug|Any CPU.Build.0 = Debug|Any CPU
		{A8741750-7C36-4697-9D07-8EF0066BC812}.Release|Any CPU.ActiveCfg = Release|Any CPU
		{A8741750-7C36-4697-9D07-8EF0066BC812}.Release|Any CPU.Build.0 = Release|Any CPU
		{3D390F6A-77D5-4EC3-BC98-DDD76C3E197F}.Debug|Any CPU.ActiveCfg = Debug|Any CPU
		{3D390F6A-77D5-4EC3-BC98-DDD76C3E197F}.Debug|Any CPU.Build.0 = Debug|Any CPU
		{3D390F6A-77D5-4EC3-BC98-DDD76C3E197F}.Release|Any CPU.ActiveCfg = Release|Any CPU
		{3D390F6A-77D5-4EC3-BC98-DDD76C3E197F}.Release|Any CPU.Build.0 = Release|Any CPU
		{DC446B93-7AC0-4C32-933F-7CFDF58A4A7C}.Debug|Any CPU.ActiveCfg = Debug|Any CPU
		{DC446B93-7AC0-4C32-933F-7CFDF58A4A7C}.Debug|Any CPU.Build.0 = Debug|Any CPU
		{DC446B93-7AC0-4C32-933F-7CFDF58A4A7C}.Release|Any CPU.ActiveCfg = Release|Any CPU
		{DC446B93-7AC0-4C32-933F-7CFDF58A4A7C}.Release|Any CPU.Build.0 = Release|Any CPU
		{A8244CB3-AC9E-4BB9-A4B7-ACD13E4C47EA}.Debug|Any CPU.ActiveCfg = Debug|Any CPU
		{A8244CB3-AC9E-4BB9-A4B7-ACD13E4C47EA}.Debug|Any CPU.Build.0 = Debug|Any CPU
		{A8244CB3-AC9E-4BB9-A4B7-ACD13E4C47EA}.Release|Any CPU.ActiveCfg = Release|Any CPU
		{A8244CB3-AC9E-4BB9-A4B7-ACD13E4C47EA}.Release|Any CPU.Build.0 = Release|Any CPU
		{91F9A4B4-FE57-438E-9ABD-99E041AD788C}.Debug|Any CPU.ActiveCfg = Debug|Any CPU
		{91F9A4B4-FE57-438E-9ABD-99E041AD788C}.Debug|Any CPU.Build.0 = Debug|Any CPU
		{91F9A4B4-FE57-438E-9ABD-99E041AD788C}.Release|Any CPU.ActiveCfg = Release|Any CPU
		{91F9A4B4-FE57-438E-9ABD-99E041AD788C}.Release|Any CPU.Build.0 = Release|Any CPU
	EndGlobalSection
	GlobalSection(SolutionProperties) = preSolution
		HideSolutionNode = FALSE
	EndGlobalSection
	GlobalSection(NestedProjects) = preSolution
		{9BC4210A-748C-4D61-8C86-F48039FE11A5} = {02AD7953-4511-4CEA-8B62-8CEEC5435F5B}
		{6823271C-6F67-4ABB-A3B5-5DF750599477} = {9BC4210A-748C-4D61-8C86-F48039FE11A5}
		{7C853CFF-CAAA-45C0-BC4C-8795893F018A} = {02AD7953-4511-4CEA-8B62-8CEEC5435F5B}
		{A8741750-7C36-4697-9D07-8EF0066BC812} = {7C853CFF-CAAA-45C0-BC4C-8795893F018A}
		{B6CD630B-310C-47C5-967D-69107E77A3D2} = {02AD7953-4511-4CEA-8B62-8CEEC5435F5B}
		{E4E293FA-7053-453D-B8E1-DBCD4CA825E2} = {B6CD630B-310C-47C5-967D-69107E77A3D2}
		{F5D9B23E-104C-4466-A95D-76EC4FCDFB19} = {B6CD630B-310C-47C5-967D-69107E77A3D2}
		{353EB1A5-A0C3-4513-83C3-2537AA46DDC3} = {B6CD630B-310C-47C5-967D-69107E77A3D2}
		{3D390F6A-77D5-4EC3-BC98-DDD76C3E197F} = {E4E293FA-7053-453D-B8E1-DBCD4CA825E2}
		{DC446B93-7AC0-4C32-933F-7CFDF58A4A7C} = {F5D9B23E-104C-4466-A95D-76EC4FCDFB19}
		{A8244CB3-AC9E-4BB9-A4B7-ACD13E4C47EA} = {353EB1A5-A0C3-4513-83C3-2537AA46DDC3}
		{91F9A4B4-FE57-438E-9ABD-99E041AD788C} = {E4E293FA-7053-453D-B8E1-DBCD4CA825E2}
	EndGlobalSection
	GlobalSection(ExtensibilityGlobals) = postSolution
		SolutionGuid = {94493020-1B03-45F5-A51D-DC4ABCF433C8}
	EndGlobalSection
EndGlobal
